Microsoft Visual Studio Solution File, Format Version 12.00
# Visual Studio 2012
Project("{FAE04EC0-301F-11D3-BF4B-00C04F79EFBC}") = "Tutorial Project", "Tutorial Project.csproj", "{17A28A52-0A74-4DFA-89E5-39861569D752}"
EndProject
Global
	GlobalSection(SolutionConfigurationPlatforms) = preSolution
	Debug|Any CPU = Debug|Any CPU
	ExportDebug|Any CPU = ExportDebug|Any CPU
	ExportRelease|Any CPU = ExportRelease|Any CPU
	EndGlobalSection
	GlobalSection(ProjectConfigurationPlatforms) = postSolution
		{17A28A52-0A74-4DFA-89E5-39861569D752}.Debug|Any CPU.ActiveCfg = Debug|Any CPU
		{17A28A52-0A74-4DFA-89E5-39861569D752}.Debug|Any CPU.Build.0 = Debug|Any CPU
		{17A28A52-0A74-4DFA-89E5-39861569D752}.ExportDebug|Any CPU.ActiveCfg = ExportDebug|Any CPU
		{17A28A52-0A74-4DFA-89E5-39861569D752}.ExportDebug|Any CPU.Build.0 = ExportDebug|Any CPU
		{17A28A52-0A74-4DFA-89E5-39861569D752}.ExportRelease|Any CPU.ActiveCfg = ExportRelease|Any CPU
		{17A28A52-0A74-4DFA-89E5-39861569D752}.ExportRelease|Any CPU.Build.0 = ExportRelease|Any CPU
	EndGlobalSection
EndGlobal
